// !$*UTF8*$!
{
	archiveVersion = 1;
	classes = {
	};
	objectVersion = 48;
	objects = {

/* Begin PBXBuildFile section */
		21D01F612007569E00CEB822 /* AppDelegate.swift in Sources */ = {isa = PBXBuildFile; fileRef = 21D01F602007569E00CEB822 /* AppDelegate.swift */; };
		21D01F632007569E00CEB822 /* ViewController.swift in Sources */ = {isa = PBXBuildFile; fileRef = 21D01F622007569E00CEB822 /* ViewController.swift */; };
		21D01F662007569E00CEB822 /* Main.storyboard in Resources */ = {isa = PBXBuildFile; fileRef = 21D01F642007569E00CEB822 /* Main.storyboard */; };
		21D01F682007569E00CEB822 /* Assets.xcassets in Resources */ = {isa = PBXBuildFile; fileRef = 21D01F672007569E00CEB822 /* Assets.xcassets */; };
		21D01F6B2007569E00CEB822 /* LaunchScreen.storyboard in Resources */ = {isa = PBXBuildFile; fileRef = 21D01F692007569E00CEB822 /* LaunchScreen.storyboard */; };
		21D01F74200756DE00CEB822 /* YQUIViewExtension.swift in Sources */ = {isa = PBXBuildFile; fileRef = 21D01F73200756DE00CEB822 /* YQUIViewExtension.swift */; };
/* End PBXBuildFile section */

/* Begin PBXFileReference section */
		21D01F5D2007569E00CEB822 /* YQUIViewExtension.app */ = {isa = PBXFileReference; explicitFileType = wrapper.application; includeInIndex = 0; path = YQUIViewExtension.app; sourceTree = BUILT_PRODUCTS_DIR; };
		21D01F602007569E00CEB822 /* AppDelegate.swift */ = {isa = PBXFileReference; lastKnownFileType = sourcecode.swift; path = AppDelegate.swift; sourceTree = "<group>"; };
		21D01F622007569E00CEB822 /* ViewController.swift */ = {isa = PBXFileReference; lastKnownFileType = sourcecode.swift; path = ViewController.swift; sourceTree = "<group>"; };
		21D01F652007569E00CEB822 /* Base */ = {isa = PBXFileReference; lastKnownFileType = file.storyboard; name = Base; path = Base.lproj/Main.storyboard; sourceTree = "<group>"; };
		21D01F672007569E00CEB822 /* Assets.xcassets */ = {isa = PBXFileReference; lastKnownFileType = folder.assetcatalog; path = Assets.xcassets; sourceTree = "<group>"; };
		21D01F6A2007569E00CEB822 /* Base */ = {isa = PBXFileReference; lastKnownFileType = file.storyboard; name = Base; path = Base.lproj/LaunchScreen.storyboard; sourceTree = "<group>"; };
		21D01F6C2007569E00CEB822 /* Info.plist */ = {isa = PBXFileReference; lastKnownFileType = text.plist.xml; path = Info.plist; sourceTree = "<group>"; };
		21D01F73200756DE00CEB822 /* YQUIViewExtension.swift */ = {isa = PBXFileReference; lastKnownFileType = sourcecode.swift; path = YQUIViewExtension.swift; sourceTree = "<group>"; };
/* End PBXFileReference section */

/* Begin PBXFrameworksBuildPhase section */
		21D01F5A2007569E00CEB822 /* Frameworks */ = {
			isa = PBXFrameworksBuildPhase;
			buildActionMask = 2147483647;
			files = (
			);
			runOnlyForDeploymentPostprocessing = 0;
		};
/* End PBXFrameworksBuildPhase section */

/* Begin PBXGroup section */
		21D01F542007569E00CEB822 = {
			isa = PBXGroup;
			children = (
				21D01F72200756BF00CEB822 /* Classes */,
				21D01F5F2007569E00CEB822 /* UIViewExtension */,
				21D01F5E2007569E00CEB822 /* Products */,
			);
			sourceTree = "<group>";
		};
		21D01F5E2007569E00CEB822 /* Products */ = {
			isa = PBXGroup;
			children = (
				21D01F5D2007569E00CEB822 /* YQUIViewExtension.app */,
			);
			name = Products;
			sourceTree = "<group>";
		};
		21D01F5F2007569E00CEB822 /* UIViewExtension */ = {
			isa = PBXGroup;
			children = (
				21D01F602007569E00CEB822 /* AppDelegate.swift */,
				21D01F622007569E00CEB822 /* ViewController.swift */,
				21D01F642007569E00CEB822 /* Main.storyboard */,
				21D01F672007569E00CEB822 /* Assets.xcassets */,
				21D01F692007569E00CEB822 /* LaunchScreen.storyboard */,
				21D01F6C2007569E00CEB822 /* Info.plist */,
			);
			path = UIViewExtension;
			sourceTree = "<group>";
		};
		21D01F72200756BF00CEB822 /* Classes */ = {
			isa = PBXGroup;
			children = (
				21D01F73200756DE00CEB822 /* YQUIViewExtension.swift */,
			);
			path = Classes;
			sourceTree = "<group>";
		};
/* End PBXGroup section */

/* Begin PBXNativeTarget section */
		21D01F5C2007569E00CEB822 /* YQUIViewExtension */ = {
			isa = PBXNativeTarget;
			buildConfigurationList = 21D01F6F2007569E00CEB822 /* Build configuration list for PBXNativeTarget "YQUIViewExtension" */;
			buildPhases = (
				21D01F592007569E00CEB822 /* Sources */,
				21D01F5A2007569E00CEB822 /* Frameworks */,
				21D01F5B2007569E00CEB822 /* Resources */,
			);
			buildRules = (
			);
			dependencies = (
			);
			name = YQUIViewExtension;
			productName = UIViewExtension;
			productReference = 21D01F5D2007569E00CEB822 /* YQUIViewExtension.app */;
			productType = "com.apple.product-type.application";
		};
/* End PBXNativeTarget section */

/* Begin PBXProject section */
		21D01F552007569E00CEB822 /* Project object */ = {
			isa = PBXProject;
			attributes = {
				LastSwiftUpdateCheck = 0920;
				LastUpgradeCheck = 0920;
				ORGANIZATIONNAME = Wang;
				TargetAttributes = {
					21D01F5C2007569E00CEB822 = {
						CreatedOnToolsVersion = 9.2;
						ProvisioningStyle = Automatic;
					};
				};
			};
			buildConfigurationList = 21D01F582007569E00CEB822 /* Build configuration list for PBXProject "YQUIViewExtension" */;
			compatibilityVersion = "Xcode 8.0";
			developmentRegion = en;
			hasScannedForEncodings = 0;
			knownRegions = (
				en,
				Base,
			);
			mainGroup = 21D01F542007569E00CEB822;
			productRefGroup = 21D01F5E2007569E00CEB822 /* Products */;
			projectDirPath = "";
			projectRoot = "";
			targets = (
				21D01F5C2007569E00CEB822 /* YQUIViewExtension */,
			);
		};
/* End PBXProject section */

/* Begin PBXResourcesBuildPhase section */
		21D01F5B2007569E00CEB822 /* Resources */ = {
			isa = PBXResourcesBuildPhase;
			buildActionMask = 2147483647;
			files = (
				21D01F6B2007569E00CEB822 /* LaunchScreen.storyboard in Resources */,
				21D01F682007569E00CEB822 /* Assets.xcassets in Resources */,
				21D01F662007569E00CEB822 /* Main.storyboard in Resources */,
			);
			runOnlyForDeploymentPostprocessing = 0;
		};
/* End PBXResourcesBuildPhase section */

/* Begin PBXSourcesBuildPhase section */
		21D01F592007569E00CEB822 /* Sources */ = {
			isa = PBXSourcesBuildPhase;
			buildActionMask = 2147483647;
			files = (
				21D01F74200756DE00CEB822 /* YQUIViewExtension.swift in Sources */,
				21D01F632007569E00CEB822 /* ViewController.swift in Sources */,
				21D01F612007569E00CEB822 /* AppDelegate.swift in Sources */,
			);
			runOnlyForDeploymentPostprocessing = 0;
		};
/* End PBXSourcesBuildPhase section */

/* Begin PBXVariantGroup section */
		21D01F642007569E00CEB822 /* Main.storyboard */ = {
			isa = PBXVariantGroup;
			children = (
				21D01F652007569E00CEB822 /* Base */,
			);
			name = Main.storyboard;
			sourceTree = "<group>";
		};
		21D01F692007569E00CEB822 /* LaunchScreen.storyboard */ = {
			isa = PBXVariantGroup;
			children = (
				21D01F6A2007569E00CEB822 /* Base */,
			);
			name = LaunchScreen.storyboard;
			sourceTree = "<group>";
		};
/* End PBXVariantGroup section */

/* Begin XCBuildConfiguration section */
		21D01F6D2007569E00CEB822 /* Debug */ = {
			isa = XCBuildConfiguration;
			buildSettings = {
				ALWAYS_SEARCH_USER_PATHS = NO;
				CLANG_ANALYZER_NONNULL = YES;
				CLANG_ANALYZER_NUMBER_OBJECT_CONVERSION = YES_AGGRESSIVE;
				CLANG_CXX_LANGUAGE_STANDARD = "gnu++14";
				CLANG_CXX_LIBRARY = "libc++";
				CLANG_ENABLE_MODULES = YES;
				CLANG_ENABLE_OBJC_ARC = YES;
				CLANG_WARN_BLOCK_CAPTURE_AUTORELEASING = YES;
				CLANG_WARN_BOOL_CONVERSION = YES;
				CLANG_WARN_COMMA = YES;
				CLANG_WARN_CONSTANT_CONVERSION = YES;
				CLANG_WARN_DIRECT_OBJC_ISA_USAGE = YES_ERROR;
				CLANG_WARN_DOCUMENTATION_COMMENTS = YES;
				CLANG_WARN_EMPTY_BODY = YES;
				CLANG_WARN_ENUM_CONVERSION = YES;
				CLANG_WARN_INFINITE_RECURSION = YES;
				CLANG_WARN_INT_CONVERSION = YES;
				CLANG_WARN_NON_LITERAL_NULL_CONVERSION = YES;
				CLANG_WARN_OBJC_LITERAL_CONVERSION = YES;
				CLANG_WARN_OBJC_ROOT_CLASS = YES_ERROR;
				CLANG_WARN_RANGE_LOOP_ANALYSIS = YES;
				CLANG_WARN_STRICT_PROTOTYPES = YES;
				CLANG_WARN_SUSPICIOUS_MOVE = YES;
				CLANG_WARN_UNGUARDED_AVAILABILITY = YES_AGGRESSIVE;
				CLANG_WARN_UNREACHABLE_CODE = YES;
				CLANG_WARN__DUPLICATE_METHOD_MATCH = YES;
				CODE_SIGN_IDENTITY = "iPhone Developer";
				COPY_PHASE_STRIP = NO;
				DEBUG_INFORMATION_FORMAT = dwarf;
				ENABLE_STRICT_OBJC_MSGSEND = YES;
				ENABLE_TESTABILITY = YES;
				GCC_C_LANGUAGE_STANDARD = gnu11;
				GCC_DYNAMIC_NO_PIC = NO;
				GCC_NO_COMMON_BLOCKS = YES;
				GCC_OPTIMIZATION_LEVEL = 0;
				GCC_PREPROCESSOR_DEFINITIONS = (
					"DEBUG=1",
					"$(inherited)",
				);
				GCC_WARN_64_TO_32_BIT_CONVERSION = YES;
				GCC_WARN_ABOUT_RETURN_TYPE = YES_ERROR;
				GCC_WARN_UNDECLARED_SELECTOR = YES;
				GCC_WARN_UNINITIALIZED_AUTOS = YES_AGGRESSIVE;
				GCC_WARN_UNUSED_FUNCTION = YES;
				GCC_WARN_UNUSED_VARIABLE = YES;
				IPHONEOS_DEPLOYMENT_TARGET = 11.2;
				MTL_ENABLE_DEBUG_INFO = YES;
				ONLY_ACTIVE_ARCH = YES;
				SDKROOT = iphoneos;
				SWIFT_ACTIVE_COMPILATION_CONDITIONS = DEBUG;
				SWIFT_OPTIMIZATION_LEVEL = "-Onone";
			};
			name = Debug;
		};
		21D01F6E2007569E00CEB822 /* Release */ = {
			isa = XCBuildConfiguration;
			buildSettings = {
				ALWAYS_SEARCH_USER_PATHS = NO;
				CLANG_ANALYZER_NONNULL = YES;
				CLANG_ANALYZER_NUMBER_OBJECT_CONVERSION = YES_AGGRESSIVE;
				CLANG_CXX_LANGUAGE_STANDARD = "gnu++14";
				CLANG_CXX_LIBRARY = "libc++";
				CLANG_ENABLE_MODULES = YES;
				CLANG_ENABLE_OBJC_ARC = YES;
				CLANG_WARN_BLOCK_CAPTURE_AUTORELEASING = YES;
				CLANG_WARN_BOOL_CONVERSION = YES;
				CLANG_WARN_COMMA = YES;
				CLANG_WARN_CONSTANT_CONVERSION = YES;
				CLANG_WARN_DIRECT_OBJC_ISA_USAGE = YES_ERROR;
				CLANG_WARN_DOCUMENTATION_COMMENTS = YES;
				CLANG_WARN_EMPTY_BODY = YES;
				CLANG_WARN_ENUM_CONVERSION = YES;
				CLANG_WARN_INFINITE_RECURSION = YES;
				CLANG_WARN_INT_CONVERSION = YES;
				CLANG_WARN_NON_LITERAL_NULL_CONVERSION = YES;
				CLANG_WARN_OBJC_LITERAL_CONVERSION = YES;
				CLANG_WARN_OBJC_ROOT_CLASS = YES_ERROR;
				CLANG_WARN_RANGE_LOOP_ANALYSIS = YES;
				CLANG_WARN_STRICT_PROTOTYPES = YES;
				CLANG_WARN_SUSPICIOUS_MOVE = YES;
				CLANG_WARN_UNGUARDED_AVAILABILITY = YES_AGGRESSIVE;
				CLANG_WARN_UNREACHABLE_CODE = YES;
				CLANG_WARN__DUPLICATE_METHOD_MATCH = YES;
				CODE_SIGN_IDENTITY = "iPhone Developer";
				COPY_PHASE_STRIP = NO;
				DEBUG_INFORMATION_FORMAT = "dwarf-with-dsym";
				ENABLE_NS_ASSERTIONS = NO;
				ENABLE_STRICT_OBJC_MSGSEND = YES;
				GCC_C_LANGUAGE_STANDARD = gnu11;
				GCC_NO_COMMON_BLOCKS = YES;
				GCC_WARN_64_TO_32_BIT_CONVERSION = YES;
				GCC_WARN_ABOUT_RETURN_TYPE = YES_ERROR;
				GCC_WARN_UNDECLARED_SELECTOR = YES;
				GCC_WARN_UNINITIALIZED_AUTOS = YES_AGGRESSIVE;
				GCC_WARN_UNUSED_FUNCTION = YES;
				GCC_WARN_UNUSED_VARIABLE = YES;
				IPHONEOS_DEPLOYMENT_TARGET = 11.2;
				MTL_ENABLE_DEBUG_INFO = NO;
				SDKROOT = iphoneos;
				SWIFT_OPTIMIZATION_LEVEL = "-Owholemodule";
				VALIDATE_PRODUCT = YES;
			};
			name = Release;
		};
		21D01F702007569E00CEB822 /* Debug */ = {
			isa = XCBuildConfiguration;
			buildSettings = {
				ASSETCATALOG_COMPILER_APPICON_NAME = AppIcon;
				CODE_SIGN_STYLE = Automatic;
				DEVELOPMENT_TEAM = GP4MMMES25;
				INFOPLIST_FILE = UIViewExtension/Info.plist;
				IPHONEOS_DEPLOYMENT_TARGET = 9.0;
				LD_RUNPATH_SEARCH_PATHS = "$(inherited) @executable_path/Frameworks";
				PRODUCT_BUNDLE_IDENTIFIER = com.wqy.UIViewExtension;
				PRODUCT_NAME = "$(TARGET_NAME)";
				SWIFT_VERSION = 4.0;
				TARGETED_DEVICE_FAMILY = "1,2";
			};
			name = Debug;
		};
		21D01F712007569E00CEB822 /* Release */ = {
			isa = XCBuildConfiguration;
			buildSettings = {
				ASSETCATALOG_COMPILER_APPICON_NAME = AppIcon;
				CODE_SIGN_STYLE = Automatic;
				DEVELOPMENT_TEAM = GP4MMMES25;
				INFOPLIST_FILE = UIViewExtension/Info.plist;
				IPHONEOS_DEPLOYMENT_TARGET = 9.0;
				LD_RUNPATH_SEARCH_PATHS = "$(inherited) @executable_path/Frameworks";
				PRODUCT_BUNDLE_IDENTIFIER = com.wqy.UIViewExtension;
				PRODUCT_NAME = "$(TARGET_NAME)";
				SWIFT_VERSION = 4.0;
				TARGETED_DEVICE_FAMILY = "1,2";
			};
			name = Release;
		};
/* End XCBuildConfiguration section */

/* Begin XCConfigurationList section */
		21D01F582007569E00CEB822 /* Build configuration list for PBXProject "YQUIViewExtension" */ = {
			isa = XCConfigurationList;
			buildConfigurations = (
				21D01F6D2007569E00CEB822 /* Debug */,
				21D01F6E2007569E00CEB822 /* Release */,
			);
			defaultConfigurationIsVisible = 0;
			defaultConfigurationName = Release;
		};
		21D01F6F2007569E00CEB822 /* Build configuration list for PBXNativeTarget "YQUIViewExtension" */ = {
			isa = XCConfigurationList;
			buildConfigurations = (
				21D01F702007569E00CEB822 /* Debug */,
				21D01F712007569E00CEB822 /* Release */,
			);
			defaultConfigurationIsVisible = 0;
			defaultConfigurationName = Release;
		};
/* End XCConfigurationList section */
	};
	rootObject = 21D01F552007569E00CEB822 /* Project object */;
}
